
Microsoft Visual Studio Solution File, Format Version 12.00
# Visual Studio Version 16
VisualStudioVersion = 16.0.30517.126
MinimumVisualStudioVersion = 10.0.40219.1
Project("{FAE04EC0-301F-11D3-BF4B-00C04F79EFBC}") = "FirstAPI", "FirstAPI.csproj", "{BEED3077-DBA1-4267-9E9E-62CFF9D07A29}"
EndProject
Global
	GlobalSection(SolutionConfigurationPlatforms) = preSolution
		Debug|Any CPU = Debug|Any CPU
		Release|Any CPU = Release|Any CPU
	EndGlobalSection
	GlobalSection(ProjectConfigurationPlatforms) = postSolution
		{BEED3077-DBA1-4267-9E9E-62CFF9D07A29}.Debug|Any CPU.ActiveCfg = Debug|Any CPU
		{BEED3077-DBA1-4267-9E9E-62CFF9D07A29}.Debug|Any CPU.Build.0 = Debug|Any CPU
		{BEED3077-DBA1-4267-9E9E-62CFF9D07A29}.Release|Any CPU.ActiveCfg = Release|Any CPU
		{BEED3077-DBA1-4267-9E9E-62CFF9D07A29}.Release|Any CPU.Build.0 = Release|Any CPU
	EndGlobalSection
	GlobalSection(SolutionProperties) = preSolution
		HideSolutionNode = FALSE
	EndGlobalSection
	GlobalSection(ExtensibilityGlobals) = postSolution
		SolutionGuid = {74EF8D9F-AF5A-4DCC-AF42-1002395251B4}
	EndGlobalSection
EndGlobal
